
Microsoft Visual Studio Solution File, Format Version 12.00
Project("{FAE04EC0-301F-11D3-BF4B-00C04F79EFBC}") = "Wuzh", "Wuzh\Wuzh.csproj", "{31857D87-CD54-4DA2-BAF0-9D23D228A7C6}"
EndProject
<<<<<<< Updated upstream:Moist.sln
=======
Project("{FAE04EC0-301F-11D3-BF4B-00C04F79EFBC}") = "Wuzh.Tests", "Wuzh.Tests\Wuzh.Tests.csproj", "{FF0D1B4D-3644-449E-A987-929867D98D7D}"
EndProject
>>>>>>> Stashed changes:Wuzh.sln
Global
	GlobalSection(SolutionConfigurationPlatforms) = preSolution
		Debug|Any CPU = Debug|Any CPU
		Release|Any CPU = Release|Any CPU
	EndGlobalSection
	GlobalSection(ProjectConfigurationPlatforms) = postSolution
		{31857D87-CD54-4DA2-BAF0-9D23D228A7C6}.Debug|Any CPU.ActiveCfg = Debug|Any CPU
		{31857D87-CD54-4DA2-BAF0-9D23D228A7C6}.Debug|Any CPU.Build.0 = Debug|Any CPU
		{31857D87-CD54-4DA2-BAF0-9D23D228A7C6}.Release|Any CPU.ActiveCfg = Release|Any CPU
		{31857D87-CD54-4DA2-BAF0-9D23D228A7C6}.Release|Any CPU.Build.0 = Release|Any CPU
	EndGlobalSection
EndGlobal
